
Microsoft Visual Studio Solution File, Format Version 12.00
# Visual Studio 2013
VisualStudioVersion = 12.0.40629.0
MinimumVisualStudioVersion = 10.0.40219.1
Project("{FAE04EC0-301F-11D3-BF4B-00C04F79EFBC}") = "Auralux.Core", "Libraries\Auralux\Auralux.Core.csproj", "{3F9AC525-4B2D-4F14-8601-552646202D65}"
EndProject
Project("{2150E333-8FDC-42A3-9474-1A3956D46DE8}") = "Libraries", "Libraries", "{F8AB5469-5275-4970-801F-F9A9D460F423}"
EndProject
Project("{2150E333-8FDC-42A3-9474-1A3956D46DE8}") = "Content", "Content", "{B26A0C06-2EE8-4E8D-B011-C81C65B68070}"
EndProject
Project("{FAE04EC0-301F-11D3-BF4B-00C04F79EFBC}") = "Auralux.Content.PlatformIndependent", "Content\Auralux.Content.PlatformIndependent\Auralux.Content.PlatformIndependent.csproj", "{FAE48F29-DB35-4CD6-8A55-6C1FDDFBE6AF}"
EndProject
Project("{2150E333-8FDC-42A3-9474-1A3956D46DE8}") = "Dependencies", "Dependencies", "{80EED82A-70F3-49CB-8CC0-2284142DD826}"
EndProject
Project("{FAE04EC0-301F-11D3-BF4B-00C04F79EFBC}") = "UniversalEditor.Core", "..\UniversalEditor\CSharp\Libraries\UniversalEditor.Core\UniversalEditor.Core.csproj", "{2D4737E6-6D95-408A-90DB-8DFF38147E85}"
EndProject
Project("{FAE04EC0-301F-11D3-BF4B-00C04F79EFBC}") = "UniversalEditor.Essential", "..\UniversalEditor\CSharp\Libraries\UniversalEditor.Essential\UniversalEditor.Essential.csproj", "{30467E5C-05BC-4856-AADC-13906EF4CADD}"
EndProject
Project("{2150E333-8FDC-42A3-9474-1A3956D46DE8}") = "Applications", "Applications", "{2E26513D-B4A0-4BE5-8CD5-2D63CCB3FA41}"
EndProject
Project("{FAE04EC0-301F-11D3-BF4B-00C04F79EFBC}") = "Auralux.ConsoleApplication", "Applications\Auralux.ConsoleApplication\Auralux.ConsoleApplication.csproj", "{D772D935-21B6-416A-8982-4A7087922827}"
EndProject
Global
	GlobalSection(SolutionConfigurationPlatforms) = preSolution
		Debug|Any CPU = Debug|Any CPU
		Release|Any CPU = Release|Any CPU
	EndGlobalSection
	GlobalSection(ProjectConfigurationPlatforms) = postSolution
		{3F9AC525-4B2D-4F14-8601-552646202D65}.Debug|Any CPU.ActiveCfg = Debug|Any CPU
		{3F9AC525-4B2D-4F14-8601-552646202D65}.Debug|Any CPU.Build.0 = Debug|Any CPU
		{3F9AC525-4B2D-4F14-8601-552646202D65}.Release|Any CPU.ActiveCfg = Release|Any CPU
		{3F9AC525-4B2D-4F14-8601-552646202D65}.Release|Any CPU.Build.0 = Release|Any CPU
		{FAE48F29-DB35-4CD6-8A55-6C1FDDFBE6AF}.Debug|Any CPU.ActiveCfg = Debug|Any CPU
		{FAE48F29-DB35-4CD6-8A55-6C1FDDFBE6AF}.Debug|Any CPU.Build.0 = Debug|Any CPU
		{FAE48F29-DB35-4CD6-8A55-6C1FDDFBE6AF}.Release|Any CPU.ActiveCfg = Release|Any CPU
		{FAE48F29-DB35-4CD6-8A55-6C1FDDFBE6AF}.Release|Any CPU.Build.0 = Release|Any CPU
		{2D4737E6-6D95-408A-90DB-8DFF38147E85}.Debug|Any CPU.ActiveCfg = Debug|Any CPU
		{2D4737E6-6D95-408A-90DB-8DFF38147E85}.Debug|Any CPU.Build.0 = Debug|Any CPU
		{2D4737E6-6D95-408A-90DB-8DFF38147E85}.Release|Any CPU.ActiveCfg = Release|Any CPU
		{2D4737E6-6D95-408A-90DB-8DFF38147E85}.Release|Any CPU.Build.0 = Release|Any CPU
		{30467E5C-05BC-4856-AADC-13906EF4CADD}.Debug|Any CPU.ActiveCfg = Debug|Any CPU
		{30467E5C-05BC-4856-AADC-13906EF4CADD}.Debug|Any CPU.Build.0 = Debug|Any CPU
		{30467E5C-05BC-4856-AADC-13906EF4CADD}.Release|Any CPU.ActiveCfg = Release|Any CPU
		{30467E5C-05BC-4856-AADC-13906EF4CADD}.Release|Any CPU.Build.0 = Release|Any CPU
		{D772D935-21B6-416A-8982-4A7087922827}.Debug|Any CPU.ActiveCfg = Debug|Any CPU
		{D772D935-21B6-416A-8982-4A7087922827}.Debug|Any CPU.Build.0 = Debug|Any CPU
		{D772D935-21B6-416A-8982-4A7087922827}.Release|Any CPU.ActiveCfg = Release|Any CPU
		{D772D935-21B6-416A-8982-4A7087922827}.Release|Any CPU.Build.0 = Release|Any CPU
	EndGlobalSection
	GlobalSection(SolutionProperties) = preSolution
		HideSolutionNode = FALSE
	EndGlobalSection
	GlobalSection(NestedProjects) = preSolution
		{3F9AC525-4B2D-4F14-8601-552646202D65} = {F8AB5469-5275-4970-801F-F9A9D460F423}
		{FAE48F29-DB35-4CD6-8A55-6C1FDDFBE6AF} = {B26A0C06-2EE8-4E8D-B011-C81C65B68070}
		{2D4737E6-6D95-408A-90DB-8DFF38147E85} = {80EED82A-70F3-49CB-8CC0-2284142DD826}
		{30467E5C-05BC-4856-AADC-13906EF4CADD} = {80EED82A-70F3-49CB-8CC0-2284142DD826}
		{D772D935-21B6-416A-8982-4A7087922827} = {2E26513D-B4A0-4BE5-8CD5-2D63CCB3FA41}
	EndGlobalSection
EndGlobal
